
Microsoft Visual Studio Solution File, Format Version 12.00
# Visual Studio Version 16
VisualStudioVersion = 16.0.30503.244
MinimumVisualStudioVersion = 10.0.40219.1
Project("{FAE04EC0-301F-11D3-BF4B-00C04F79EFBC}") = "Car_Rental_Project", "Car_Rental_Project\Car_Rental_Project.csproj", "{095CC208-A019-47C7-8F9B-06B3F556BF88}"
EndProject
Global
	GlobalSection(SolutionConfigurationPlatforms) = preSolution
		Debug|Any CPU = Debug|Any CPU
		Release|Any CPU = Release|Any CPU
	EndGlobalSection
	GlobalSection(ProjectConfigurationPlatforms) = postSolution
		{095CC208-A019-47C7-8F9B-06B3F556BF88}.Debug|Any CPU.ActiveCfg = Debug|Any CPU
		{095CC208-A019-47C7-8F9B-06B3F556BF88}.Debug|Any CPU.Build.0 = Debug|Any CPU
		{095CC208-A019-47C7-8F9B-06B3F556BF88}.Release|Any CPU.ActiveCfg = Release|Any CPU
		{095CC208-A019-47C7-8F9B-06B3F556BF88}.Release|Any CPU.Build.0 = Release|Any CPU
	EndGlobalSection
	GlobalSection(SolutionProperties) = preSolution
		HideSolutionNode = FALSE
	EndGlobalSection
	GlobalSection(ExtensibilityGlobals) = postSolution
		SolutionGuid = {9A8185BD-D074-45F5-848A-3439F44E7713}
	EndGlobalSection
EndGlobal
